
Microsoft Visual Studio Solution File, Format Version 12.00
# Visual Studio Version 17
VisualStudioVersion = 17.14.36121.58 d17.14
MinimumVisualStudioVersion = 10.0.40219.1
Project("{FAE04EC0-301F-11D3-BF4B-00C04F79EFBC}") = "RoyalCourt", "RoyalCourt\RoyalCourt.csproj", "{2AD992B8-3C48-40CB-BD1E-45E3442384FD}"
EndProject
Global
	GlobalSection(SolutionConfigurationPlatforms) = preSolution
		Debug|Any CPU = Debug|Any CPU
		Release|Any CPU = Release|Any CPU
	EndGlobalSection
	GlobalSection(ProjectConfigurationPlatforms) = postSolution
		{2AD992B8-3C48-40CB-BD1E-45E3442384FD}.Debug|Any CPU.ActiveCfg = Debug|Any CPU
		{2AD992B8-3C48-40CB-BD1E-45E3442384FD}.Debug|Any CPU.Build.0 = Debug|Any CPU
		{2AD992B8-3C48-40CB-BD1E-45E3442384FD}.Release|Any CPU.ActiveCfg = Release|Any CPU
		{2AD992B8-3C48-40CB-BD1E-45E3442384FD}.Release|Any CPU.Build.0 = Release|Any CPU
	EndGlobalSection
	GlobalSection(SolutionProperties) = preSolution
		HideSolutionNode = FALSE
	EndGlobalSection
	GlobalSection(ExtensibilityGlobals) = postSolution
		SolutionGuid = {7EF07D6B-52A8-4CFD-AE9F-24B9CB7222A1}
	EndGlobalSection
EndGlobal
